
Microsoft Visual Studio Solution File, Format Version 12.00
# Visual Studio Version 17
VisualStudioVersion = 17.0.31919.166
MinimumVisualStudioVersion = 10.0.40219.1
Project("{11A8DD76-328B-46DF-9F39-F559912D0360}") = "KK.IH.Devices.ESP32", "KK.IH.Devices.ESP32\KK.IH.Devices.ESP32.nfproj", "{6A77EFF5-D85F-4972-9AAA-790B22C3EA7F}"
EndProject
Project("{11A8DD76-328B-46DF-9F39-F559912D0360}") = "KK.IH.Devices.ESP32.Utility", "KK.IH.Devices.ESP32.Utility\KK.IH.Devices.ESP32.Utility.nfproj", "{A1A5D128-296D-4BA2-A0D6-F1C9D4D1BB0D}"
EndProject
Project("{2150E333-8FDC-42A3-9474-1A3956D46DE8}") = "Device", "Device", "{F832AC99-7A2F-486D-92EC-32F9867DBF5A}"
EndProject
Project("{2150E333-8FDC-42A3-9474-1A3956D46DE8}") = "Api", "Api", "{F1FAEE43-60CB-4617-AC64-7CDA6BA4CC34}"
EndProject
Project("{FAE04EC0-301F-11D3-BF4B-00C04F79EFBC}") = "KK.IH.Api.DatabaseApi", "KK.IH.Api.DatabaseApi\KK.IH.Api.DatabaseApi.csproj", "{70EB69FB-E362-4658-8D7B-C50C40678C24}"
EndProject
Global
	GlobalSection(SolutionConfigurationPlatforms) = preSolution
		Debug|Any CPU = Debug|Any CPU
		Release|Any CPU = Release|Any CPU
	EndGlobalSection
	GlobalSection(ProjectConfigurationPlatforms) = postSolution
		{6A77EFF5-D85F-4972-9AAA-790B22C3EA7F}.Debug|Any CPU.ActiveCfg = Debug|Any CPU
		{6A77EFF5-D85F-4972-9AAA-790B22C3EA7F}.Debug|Any CPU.Build.0 = Debug|Any CPU
		{6A77EFF5-D85F-4972-9AAA-790B22C3EA7F}.Debug|Any CPU.Deploy.0 = Debug|Any CPU
		{6A77EFF5-D85F-4972-9AAA-790B22C3EA7F}.Release|Any CPU.ActiveCfg = Release|Any CPU
		{6A77EFF5-D85F-4972-9AAA-790B22C3EA7F}.Release|Any CPU.Build.0 = Release|Any CPU
		{6A77EFF5-D85F-4972-9AAA-790B22C3EA7F}.Release|Any CPU.Deploy.0 = Release|Any CPU
		{A1A5D128-296D-4BA2-A0D6-F1C9D4D1BB0D}.Debug|Any CPU.ActiveCfg = Debug|Any CPU
		{A1A5D128-296D-4BA2-A0D6-F1C9D4D1BB0D}.Debug|Any CPU.Build.0 = Debug|Any CPU
		{A1A5D128-296D-4BA2-A0D6-F1C9D4D1BB0D}.Debug|Any CPU.Deploy.0 = Debug|Any CPU
		{A1A5D128-296D-4BA2-A0D6-F1C9D4D1BB0D}.Release|Any CPU.ActiveCfg = Release|Any CPU
		{A1A5D128-296D-4BA2-A0D6-F1C9D4D1BB0D}.Release|Any CPU.Build.0 = Release|Any CPU
		{A1A5D128-296D-4BA2-A0D6-F1C9D4D1BB0D}.Release|Any CPU.Deploy.0 = Release|Any CPU
		{70EB69FB-E362-4658-8D7B-C50C40678C24}.Debug|Any CPU.ActiveCfg = Debug|Any CPU
		{70EB69FB-E362-4658-8D7B-C50C40678C24}.Debug|Any CPU.Build.0 = Debug|Any CPU
		{70EB69FB-E362-4658-8D7B-C50C40678C24}.Release|Any CPU.ActiveCfg = Release|Any CPU
		{70EB69FB-E362-4658-8D7B-C50C40678C24}.Release|Any CPU.Build.0 = Release|Any CPU
	EndGlobalSection
	GlobalSection(SolutionProperties) = preSolution
		HideSolutionNode = FALSE
	EndGlobalSection
	GlobalSection(NestedProjects) = preSolution
		{6A77EFF5-D85F-4972-9AAA-790B22C3EA7F} = {F832AC99-7A2F-486D-92EC-32F9867DBF5A}
		{A1A5D128-296D-4BA2-A0D6-F1C9D4D1BB0D} = {F832AC99-7A2F-486D-92EC-32F9867DBF5A}
		{70EB69FB-E362-4658-8D7B-C50C40678C24} = {F1FAEE43-60CB-4617-AC64-7CDA6BA4CC34}
	EndGlobalSection
	GlobalSection(ExtensibilityGlobals) = postSolution
		SolutionGuid = {6C5D9705-DD4D-4171-B4F9-7DCA889F674E}
	EndGlobalSection
EndGlobal
