
Microsoft Visual Studio Solution File, Format Version 12.00
# Visual Studio Version 16
VisualStudioVersion = 16.0.31727.386
MinimumVisualStudioVersion = 10.0.40219.1
Project("{11A8DD76-328B-46DF-9F39-F559912D0360}") = "KK.IH.Devices.ESP32", "KK.IH.Devices.ESP32\KK.IH.Devices.ESP32.nfproj", "{6A77EFF5-D85F-4972-9AAA-790B22C3EA7F}"
EndProject
Project("{11A8DD76-328B-46DF-9F39-F559912D0360}") = "KK.IH.Devices.ESP32.Utility", "KK.IH.Devices.ESP32.Utility\KK.IH.Devices.ESP32.Utility.nfproj", "{A1A5D128-296D-4BA2-A0D6-F1C9D4D1BB0D}"
EndProject
Project("{11A8DD76-328B-46DF-9F39-F559912D0360}") = "KK.IH.Devices.ESP32.FileManager", "NFApp1\KK.IH.Devices.ESP32.FileManager.nfproj", "{1D260334-83D0-416E-9069-2107867061AF}"
EndProject
Global
	GlobalSection(SolutionConfigurationPlatforms) = preSolution
		Debug|Any CPU = Debug|Any CPU
		Release|Any CPU = Release|Any CPU
	EndGlobalSection
	GlobalSection(ProjectConfigurationPlatforms) = postSolution
		{6A77EFF5-D85F-4972-9AAA-790B22C3EA7F}.Debug|Any CPU.ActiveCfg = Debug|Any CPU
		{6A77EFF5-D85F-4972-9AAA-790B22C3EA7F}.Debug|Any CPU.Build.0 = Debug|Any CPU
		{6A77EFF5-D85F-4972-9AAA-790B22C3EA7F}.Debug|Any CPU.Deploy.0 = Debug|Any CPU
		{6A77EFF5-D85F-4972-9AAA-790B22C3EA7F}.Release|Any CPU.ActiveCfg = Release|Any CPU
		{6A77EFF5-D85F-4972-9AAA-790B22C3EA7F}.Release|Any CPU.Build.0 = Release|Any CPU
		{6A77EFF5-D85F-4972-9AAA-790B22C3EA7F}.Release|Any CPU.Deploy.0 = Release|Any CPU
		{A1A5D128-296D-4BA2-A0D6-F1C9D4D1BB0D}.Debug|Any CPU.ActiveCfg = Debug|Any CPU
		{A1A5D128-296D-4BA2-A0D6-F1C9D4D1BB0D}.Debug|Any CPU.Build.0 = Debug|Any CPU
		{A1A5D128-296D-4BA2-A0D6-F1C9D4D1BB0D}.Debug|Any CPU.Deploy.0 = Debug|Any CPU
		{A1A5D128-296D-4BA2-A0D6-F1C9D4D1BB0D}.Release|Any CPU.ActiveCfg = Release|Any CPU
		{A1A5D128-296D-4BA2-A0D6-F1C9D4D1BB0D}.Release|Any CPU.Build.0 = Release|Any CPU
		{A1A5D128-296D-4BA2-A0D6-F1C9D4D1BB0D}.Release|Any CPU.Deploy.0 = Release|Any CPU
		{1D260334-83D0-416E-9069-2107867061AF}.Debug|Any CPU.ActiveCfg = Debug|Any CPU
		{1D260334-83D0-416E-9069-2107867061AF}.Debug|Any CPU.Build.0 = Debug|Any CPU
		{1D260334-83D0-416E-9069-2107867061AF}.Debug|Any CPU.Deploy.0 = Debug|Any CPU
		{1D260334-83D0-416E-9069-2107867061AF}.Release|Any CPU.ActiveCfg = Release|Any CPU
		{1D260334-83D0-416E-9069-2107867061AF}.Release|Any CPU.Build.0 = Release|Any CPU
		{1D260334-83D0-416E-9069-2107867061AF}.Release|Any CPU.Deploy.0 = Release|Any CPU
	EndGlobalSection
	GlobalSection(SolutionProperties) = preSolution
		HideSolutionNode = FALSE
	EndGlobalSection
	GlobalSection(ExtensibilityGlobals) = postSolution
		SolutionGuid = {6C5D9705-DD4D-4171-B4F9-7DCA889F674E}
	EndGlobalSection
EndGlobal
